// !$*UTF8*$!
{
	archiveVersion = 1;
	classes = {
	};
	objectVersion = 46;
	objects = {

/* Begin PBXBuildFile section */
		5761C5A71EF9005900E7C142 /* ExchangeDicAndModelViewController.m in Sources */ = {isa = PBXBuildFile; fileRef = 5761C5A61EF9005900E7C142 /* ExchangeDicAndModelViewController.m */; };
		57C86FF41EF3642B00BAE765 /* main.m in Sources */ = {isa = PBXBuildFile; fileRef = 57C86FF31EF3642B00BAE765 /* main.m */; };
		57C86FF71EF3642B00BAE765 /* AppDelegate.m in Sources */ = {isa = PBXBuildFile; fileRef = 57C86FF61EF3642B00BAE765 /* AppDelegate.m */; };
		57C86FFD1EF3642B00BAE765 /* Main.storyboard in Resources */ = {isa = PBXBuildFile; fileRef = 57C86FFB1EF3642B00BAE765 /* Main.storyboard */; };
		57C86FFF1EF3642C00BAE765 /* Assets.xcassets in Resources */ = {isa = PBXBuildFile; fileRef = 57C86FFE1EF3642C00BAE765 /* Assets.xcassets */; };
		57C870021EF3642C00BAE765 /* LaunchScreen.storyboard in Resources */ = {isa = PBXBuildFile; fileRef = 57C870001EF3642C00BAE765 /* LaunchScreen.storyboard */; };
		57C8700D1EF3642C00BAE765 /* RuntimeDemoTests.m in Sources */ = {isa = PBXBuildFile; fileRef = 57C8700C1EF3642C00BAE765 /* RuntimeDemoTests.m */; };
		57C870181EF3642C00BAE765 /* RuntimeDemoUITests.m in Sources */ = {isa = PBXBuildFile; fileRef = 57C870171EF3642C00BAE765 /* RuntimeDemoUITests.m */; };
		57C870271EF3645400BAE765 /* RootViewController.m in Sources */ = {isa = PBXBuildFile; fileRef = 57C870261EF3645400BAE765 /* RootViewController.m */; };
		57C8702D1EF3711300BAE765 /* BaseViewController.m in Sources */ = {isa = PBXBuildFile; fileRef = 57C8702C1EF3711300BAE765 /* BaseViewController.m */; };
		57C870301EF3790B00BAE765 /* GetClassAndMethodViewController.m in Sources */ = {isa = PBXBuildFile; fileRef = 57C8702F1EF3790B00BAE765 /* GetClassAndMethodViewController.m */; };
		57C870351EF386B000BAE765 /* People.m in Sources */ = {isa = PBXBuildFile; fileRef = 57C870341EF386B000BAE765 /* People.m */; };
		57C870391EF3CB8700BAE765 /* ExchangeMethodViewController.m in Sources */ = {isa = PBXBuildFile; fileRef = 57C870381EF3CB8700BAE765 /* ExchangeMethodViewController.m */; };
		57C8703F1EF75C1600BAE765 /* People+ReplaceMethod.m in Sources */ = {isa = PBXBuildFile; fileRef = 57C8703E1EF75C1600BAE765 /* People+ReplaceMethod.m */; };
		57C870421EF8C52100BAE765 /* AddPropertyInCategoryViewController.m in Sources */ = {isa = PBXBuildFile; fileRef = 57C870411EF8C52100BAE765 /* AddPropertyInCategoryViewController.m */; };
		57C8704B1EF8C91F00BAE765 /* Man.m in Sources */ = {isa = PBXBuildFile; fileRef = 57C8704A1EF8C91F00BAE765 /* Man.m */; };
		57C8704E1EF8C93900BAE765 /* Man+AddAName.m in Sources */ = {isa = PBXBuildFile; fileRef = 57C8704D1EF8C93900BAE765 /* Man+AddAName.m */; };
		57C870511EF8CB3600BAE765 /* EncodeAndDecodeViewController.m in Sources */ = {isa = PBXBuildFile; fileRef = 57C870501EF8CB3600BAE765 /* EncodeAndDecodeViewController.m */; };
		57C870541EF8CBB200BAE765 /* ManyIvar.m in Sources */ = {isa = PBXBuildFile; fileRef = 57C870531EF8CBB200BAE765 /* ManyIvar.m */; };
		57C870571EF8EE0600BAE765 /* NSObject+EncodeAndDecode.m in Sources */ = {isa = PBXBuildFile; fileRef = 57C870561EF8EE0600BAE765 /* NSObject+EncodeAndDecode.m */; };
		57C8705A1EF8F58D00BAE765 /* CongigManyIvar.m in Sources */ = {isa = PBXBuildFile; fileRef = 57C870591EF8F58D00BAE765 /* CongigManyIvar.m */; };
		7E2EE3E5BF659BBE45034053 /* libPods-RuntimeDemo.a in Frameworks */ = {isa = PBXBuildFile; fileRef = 5101706A070CB8E48FA251C4 /* libPods-RuntimeDemo.a */; };
/* End PBXBuildFile section */

/* Begin PBXContainerItemProxy section */
		57C870091EF3642C00BAE765 /* PBXContainerItemProxy */ = {
			isa = PBXContainerItemProxy;
			containerPortal = 57C86FE71EF3642B00BAE765 /* Project object */;
			proxyType = 1;
			remoteGlobalIDString = 57C86FEE1EF3642B00BAE765;
			remoteInfo = RuntimeDemo;
		};
		57C870141EF3642C00BAE765 /* PBXContainerItemProxy */ = {
			isa = PBXContainerItemProxy;
			containerPortal = 57C86FE71EF3642B00BAE765 /* Project object */;
			proxyType = 1;
			remoteGlobalIDString = 57C86FEE1EF3642B00BAE765;
			remoteInfo = RuntimeDemo;
		};
/* End PBXContainerItemProxy section */

/* Begin PBXFileReference section */
		3FAA42295EE455A3E4B27852 /* Pods-RuntimeDemo.debug.xcconfig */ = {isa = PBXFileReference; includeInIndex = 1; lastKnownFileType = text.xcconfig; name = "Pods-RuntimeDemo.debug.xcconfig"; path = "Pods/Target Support Files/Pods-RuntimeDemo/Pods-RuntimeDemo.debug.xcconfig"; sourceTree = "<group>"; };
		5101706A070CB8E48FA251C4 /* libPods-RuntimeDemo.a */ = {isa = PBXFileReference; explicitFileType = archive.ar; includeInIndex = 0; path = "libPods-RuntimeDemo.a"; sourceTree = BUILT_PRODUCTS_DIR; };
		5761C5A51EF9005900E7C142 /* ExchangeDicAndModelViewController.h */ = {isa = PBXFileReference; fileEncoding = 4; lastKnownFileType = sourcecode.c.h; path = ExchangeDicAndModelViewController.h; sourceTree = "<group>"; };
		5761C5A61EF9005900E7C142 /* ExchangeDicAndModelViewController.m */ = {isa = PBXFileReference; fileEncoding = 4; lastKnownFileType = sourcecode.c.objc; path = ExchangeDicAndModelViewController.m; sourceTree = "<group>"; };
		57C86FEF1EF3642B00BAE765 /* RuntimeDemo.app */ = {isa = PBXFileReference; explicitFileType = wrapper.application; includeInIndex = 0; path = RuntimeDemo.app; sourceTree = BUILT_PRODUCTS_DIR; };
		57C86FF31EF3642B00BAE765 /* main.m */ = {isa = PBXFileReference; lastKnownFileType = sourcecode.c.objc; path = main.m; sourceTree = "<group>"; };
		57C86FF51EF3642B00BAE765 /* AppDelegate.h */ = {isa = PBXFileReference; lastKnownFileType = sourcecode.c.h; path = AppDelegate.h; sourceTree = "<group>"; };
		57C86FF61EF3642B00BAE765 /* AppDelegate.m */ = {isa = PBXFileReference; lastKnownFileType = sourcecode.c.objc; path = AppDelegate.m; sourceTree = "<group>"; };
		57C86FFC1EF3642B00BAE765 /* Base */ = {isa = PBXFileReference; lastKnownFileType = file.storyboard; name = Base; path = Base.lproj/Main.storyboard; sourceTree = "<group>"; };
		57C86FFE1EF3642C00BAE765 /* Assets.xcassets */ = {isa = PBXFileReference; lastKnownFileType = folder.assetcatalog; path = Assets.xcassets; sourceTree = "<group>"; };
		57C870011EF3642C00BAE765 /* Base */ = {isa = PBXFileReference; lastKnownFileType = file.storyboard; name = Base; path = Base.lproj/LaunchScreen.storyboard; sourceTree = "<group>"; };
		57C870031EF3642C00BAE765 /* Info.plist */ = {isa = PBXFileReference; lastKnownFileType = text.plist.xml; path = Info.plist; sourceTree = "<group>"; };
		57C870081EF3642C00BAE765 /* RuntimeDemoTests.xctest */ = {isa = PBXFileReference; explicitFileType = wrapper.cfbundle; includeInIndex = 0; path = RuntimeDemoTests.xctest; sourceTree = BUILT_PRODUCTS_DIR; };
		57C8700C1EF3642C00BAE765 /* RuntimeDemoTests.m */ = {isa = PBXFileReference; lastKnownFileType = sourcecode.c.objc; path = RuntimeDemoTests.m; sourceTree = "<group>"; };
		57C8700E1EF3642C00BAE765 /* Info.plist */ = {isa = PBXFileReference; lastKnownFileType = text.plist.xml; path = Info.plist; sourceTree = "<group>"; };
		57C870131EF3642C00BAE765 /* RuntimeDemoUITests.xctest */ = {isa = PBXFileReference; explicitFileType = wrapper.cfbundle; includeInIndex = 0; path = RuntimeDemoUITests.xctest; sourceTree = BUILT_PRODUCTS_DIR; };
		57C870171EF3642C00BAE765 /* RuntimeDemoUITests.m */ = {isa = PBXFileReference; lastKnownFileType = sourcecode.c.objc; path = RuntimeDemoUITests.m; sourceTree = "<group>"; };
		57C870191EF3642C00BAE765 /* Info.plist */ = {isa = PBXFileReference; lastKnownFileType = text.plist.xml; path = Info.plist; sourceTree = "<group>"; };
		57C870251EF3645400BAE765 /* RootViewController.h */ = {isa = PBXFileReference; fileEncoding = 4; lastKnownFileType = sourcecode.c.h; path = RootViewController.h; sourceTree = "<group>"; };
		57C870261EF3645400BAE765 /* RootViewController.m */ = {isa = PBXFileReference; fileEncoding = 4; lastKnownFileType = sourcecode.c.objc; path = RootViewController.m; sourceTree = "<group>"; };
		57C8702B1EF3711300BAE765 /* BaseViewController.h */ = {isa = PBXFileReference; fileEncoding = 4; lastKnownFileType = sourcecode.c.h; path = BaseViewController.h; sourceTree = "<group>"; };
		57C8702C1EF3711300BAE765 /* BaseViewController.m */ = {isa = PBXFileReference; fileEncoding = 4; lastKnownFileType = sourcecode.c.objc; path = BaseViewController.m; sourceTree = "<group>"; };
		57C8702E1EF3790B00BAE765 /* GetClassAndMethodViewController.h */ = {isa = PBXFileReference; fileEncoding = 4; lastKnownFileType = sourcecode.c.h; path = GetClassAndMethodViewController.h; sourceTree = "<group>"; };
		57C8702F1EF3790B00BAE765 /* GetClassAndMethodViewController.m */ = {isa = PBXFileReference; fileEncoding = 4; lastKnownFileType = sourcecode.c.objc; path = GetClassAndMethodViewController.m; sourceTree = "<group>"; };
		57C870331EF386B000BAE765 /* People.h */ = {isa = PBXFileReference; fileEncoding = 4; lastKnownFileType = sourcecode.c.h; path = People.h; sourceTree = "<group>"; };
		57C870341EF386B000BAE765 /* People.m */ = {isa = PBXFileReference; fileEncoding = 4; lastKnownFileType = sourcecode.c.objc; path = People.m; sourceTree = "<group>"; };
		57C870371EF3CB8700BAE765 /* ExchangeMethodViewController.h */ = {isa = PBXFileReference; fileEncoding = 4; lastKnownFileType = sourcecode.c.h; path = ExchangeMethodViewController.h; sourceTree = "<group>"; };
		57C870381EF3CB8700BAE765 /* ExchangeMethodViewController.m */ = {isa = PBXFileReference; fileEncoding = 4; lastKnownFileType = sourcecode.c.objc; path = ExchangeMethodViewController.m; sourceTree = "<group>"; };
		57C8703D1EF75C1600BAE765 /* People+ReplaceMethod.h */ = {isa = PBXFileReference; fileEncoding = 4; lastKnownFileType = sourcecode.c.h; path = "People+ReplaceMethod.h"; sourceTree = "<group>"; };
		57C8703E1EF75C1600BAE765 /* People+ReplaceMethod.m */ = {isa = PBXFileReference; fileEncoding = 4; lastKnownFileType = sourcecode.c.objc; path = "People+ReplaceMethod.m"; sourceTree = "<group>"; };
		57C870401EF8C52100BAE765 /* AddPropertyInCategoryViewController.h */ = {isa = PBXFileReference; fileEncoding = 4; lastKnownFileType = sourcecode.c.h; path = AddPropertyInCategoryViewController.h; sourceTree = "<group>"; };
		57C870411EF8C52100BAE765 /* AddPropertyInCategoryViewController.m */ = {isa = PBXFileReference; fileEncoding = 4; lastKnownFileType = sourcecode.c.objc; path = AddPropertyInCategoryViewController.m; sourceTree = "<group>"; };
		57C870491EF8C91F00BAE765 /* Man.h */ = {isa = PBXFileReference; fileEncoding = 4; lastKnownFileType = sourcecode.c.h; path = Man.h; sourceTree = "<group>"; };
		57C8704A1EF8C91F00BAE765 /* Man.m */ = {isa = PBXFileReference; fileEncoding = 4; lastKnownFileType = sourcecode.c.objc; path = Man.m; sourceTree = "<group>"; };
		57C8704C1EF8C93900BAE765 /* Man+AddAName.h */ = {isa = PBXFileReference; fileEncoding = 4; lastKnownFileType = sourcecode.c.h; path = "Man+AddAName.h"; sourceTree = "<group>"; };
		57C8704D1EF8C93900BAE765 /* Man+AddAName.m */ = {isa = PBXFileReference; fileEncoding = 4; lastKnownFileType = sourcecode.c.objc; path = "Man+AddAName.m"; sourceTree = "<group>"; };
		57C8704F1EF8CB3600BAE765 /* EncodeAndDecodeViewController.h */ = {isa = PBXFileReference; fileEncoding = 4; lastKnownFileType = sourcecode.c.h; path = EncodeAndDecodeViewController.h; sourceTree = "<group>"; };
		57C870501EF8CB3600BAE765 /* EncodeAndDecodeViewController.m */ = {isa = PBXFileReference; fileEncoding = 4; lastKnownFileType = sourcecode.c.objc; path = EncodeAndDecodeViewController.m; sourceTree = "<group>"; };
		57C870521EF8CBB200BAE765 /* ManyIvar.h */ = {isa = PBXFileReference; fileEncoding = 4; lastKnownFileType = sourcecode.c.h; path = ManyIvar.h; sourceTree = "<group>"; };
		57C870531EF8CBB200BAE765 /* ManyIvar.m */ = {isa = PBXFileReference; fileEncoding = 4; lastKnownFileType = sourcecode.c.objc; path = ManyIvar.m; sourceTree = "<group>"; };
		57C870551EF8EE0600BAE765 /* NSObject+EncodeAndDecode.h */ = {isa = PBXFileReference; fileEncoding = 4; lastKnownFileType = sourcecode.c.h; path = "NSObject+EncodeAndDecode.h"; sourceTree = "<group>"; };
		57C870561EF8EE0600BAE765 /* NSObject+EncodeAndDecode.m */ = {isa = PBXFileReference; fileEncoding = 4; lastKnownFileType = sourcecode.c.objc; path = "NSObject+EncodeAndDecode.m"; sourceTree = "<group>"; };
		57C870581EF8F58D00BAE765 /* CongigManyIvar.h */ = {isa = PBXFileReference; fileEncoding = 4; lastKnownFileType = sourcecode.c.h; path = CongigManyIvar.h; sourceTree = "<group>"; };
		57C870591EF8F58D00BAE765 /* CongigManyIvar.m */ = {isa = PBXFileReference; fileEncoding = 4; lastKnownFileType = sourcecode.c.objc; path = CongigManyIvar.m; sourceTree = "<group>"; };
		6D62B7F4823FC418B30FB22F /* Pods-RuntimeDemo.release.xcconfig */ = {isa = PBXFileReference; includeInIndex = 1; lastKnownFileType = text.xcconfig; name = "Pods-RuntimeDemo.release.xcconfig"; path = "Pods/Target Support Files/Pods-RuntimeDemo/Pods-RuntimeDemo.release.xcconfig"; sourceTree = "<group>"; };
/* End PBXFileReference section */

/* Begin PBXFrameworksBuildPhase section */
		57C86FEC1EF3642B00BAE765 /* Frameworks */ = {
			isa = PBXFrameworksBuildPhase;
			buildActionMask = 2147483647;
			files = (
				7E2EE3E5BF659BBE45034053 /* libPods-RuntimeDemo.a in Frameworks */,
			);
			runOnlyForDeploymentPostprocessing = 0;
		};
		57C870051EF3642C00BAE765 /* Frameworks */ = {
			isa = PBXFrameworksBuildPhase;
			buildActionMask = 2147483647;
			files = (
			);
			runOnlyForDeploymentPostprocessing = 0;
		};
		57C870101EF3642C00BAE765 /* Frameworks */ = {
			isa = PBXFrameworksBuildPhase;
			buildActionMask = 2147483647;
			files = (
			);
			runOnlyForDeploymentPostprocessing = 0;
		};
/* End PBXFrameworksBuildPhase section */

/* Begin PBXGroup section */
		57C86FE61EF3642B00BAE765 = {
			isa = PBXGroup;
			children = (
				57C86FF11EF3642B00BAE765 /* RuntimeDemo */,
				57C8700B1EF3642C00BAE765 /* RuntimeDemoTests */,
				57C870161EF3642C00BAE765 /* RuntimeDemoUITests */,
				57C86FF01EF3642B00BAE765 /* Products */,
				891A35DD65FB73F625C92D25 /* Pods */,
				E47270204E268542BE4881B7 /* Frameworks */,
			);
			sourceTree = "<group>";
		};
		57C86FF01EF3642B00BAE765 /* Products */ = {
			isa = PBXGroup;
			children = (
				57C86FEF1EF3642B00BAE765 /* RuntimeDemo.app */,
				57C870081EF3642C00BAE765 /* RuntimeDemoTests.xctest */,
				57C870131EF3642C00BAE765 /* RuntimeDemoUITests.xctest */,
			);
			name = Products;
			sourceTree = "<group>";
		};
		57C86FF11EF3642B00BAE765 /* RuntimeDemo */ = {
			isa = PBXGroup;
			children = (
				57C870361EF3CB5F00BAE765 /* Class */,
				57C870311EF3791200BAE765 /* RuntimeClass */,
				57C86FF51EF3642B00BAE765 /* AppDelegate.h */,
				57C86FF61EF3642B00BAE765 /* AppDelegate.m */,
				57C870251EF3645400BAE765 /* RootViewController.h */,
				57C870261EF3645400BAE765 /* RootViewController.m */,
				57C8702B1EF3711300BAE765 /* BaseViewController.h */,
				57C8702C1EF3711300BAE765 /* BaseViewController.m */,
				57C86FFB1EF3642B00BAE765 /* Main.storyboard */,
				57C86FFE1EF3642C00BAE765 /* Assets.xcassets */,
				57C870001EF3642C00BAE765 /* LaunchScreen.storyboard */,
				57C870031EF3642C00BAE765 /* Info.plist */,
				57C86FF21EF3642B00BAE765 /* Supporting Files */,
			);
			path = RuntimeDemo;
			sourceTree = "<group>";
		};
		57C86FF21EF3642B00BAE765 /* Supporting Files */ = {
			isa = PBXGroup;
			children = (
				57C86FF31EF3642B00BAE765 /* main.m */,
			);
			name = "Supporting Files";
			sourceTree = "<group>";
		};
		57C8700B1EF3642C00BAE765 /* RuntimeDemoTests */ = {
			isa = PBXGroup;
			children = (
				57C8700C1EF3642C00BAE765 /* RuntimeDemoTests.m */,
				57C8700E1EF3642C00BAE765 /* Info.plist */,
			);
			path = RuntimeDemoTests;
			sourceTree = "<group>";
		};
		57C870161EF3642C00BAE765 /* RuntimeDemoUITests */ = {
			isa = PBXGroup;
			children = (
				57C870171EF3642C00BAE765 /* RuntimeDemoUITests.m */,
				57C870191EF3642C00BAE765 /* Info.plist */,
			);
			path = RuntimeDemoUITests;
			sourceTree = "<group>";
		};
		57C870311EF3791200BAE765 /* RuntimeClass */ = {
			isa = PBXGroup;
			children = (
				57C8702E1EF3790B00BAE765 /* GetClassAndMethodViewController.h */,
				57C8702F1EF3790B00BAE765 /* GetClassAndMethodViewController.m */,
				57C870371EF3CB8700BAE765 /* ExchangeMethodViewController.h */,
				57C870381EF3CB8700BAE765 /* ExchangeMethodViewController.m */,
				57C870401EF8C52100BAE765 /* AddPropertyInCategoryViewController.h */,
				57C870411EF8C52100BAE765 /* AddPropertyInCategoryViewController.m */,
				57C8704F1EF8CB3600BAE765 /* EncodeAndDecodeViewController.h */,
				57C870501EF8CB3600BAE765 /* EncodeAndDecodeViewController.m */,
				5761C5A51EF9005900E7C142 /* ExchangeDicAndModelViewController.h */,
				5761C5A61EF9005900E7C142 /* ExchangeDicAndModelViewController.m */,
			);
			name = RuntimeClass;
			sourceTree = "<group>";
		};
		57C870361EF3CB5F00BAE765 /* Class */ = {
			isa = PBXGroup;
			children = (
				57C870331EF386B000BAE765 /* People.h */,
				57C870341EF386B000BAE765 /* People.m */,
				57C8703D1EF75C1600BAE765 /* People+ReplaceMethod.h */,
				57C8703E1EF75C1600BAE765 /* People+ReplaceMethod.m */,
				57C870491EF8C91F00BAE765 /* Man.h */,
				57C8704A1EF8C91F00BAE765 /* Man.m */,
				57C8704C1EF8C93900BAE765 /* Man+AddAName.h */,
				57C8704D1EF8C93900BAE765 /* Man+AddAName.m */,
				57C870521EF8CBB200BAE765 /* ManyIvar.h */,
				57C870531EF8CBB200BAE765 /* ManyIvar.m */,
				57C870581EF8F58D00BAE765 /* CongigManyIvar.h */,
				57C870591EF8F58D00BAE765 /* CongigManyIvar.m */,
				57C870551EF8EE0600BAE765 /* NSObject+EncodeAndDecode.h */,
				57C870561EF8EE0600BAE765 /* NSObject+EncodeAndDecode.m */,
			);
			name = Class;
			sourceTree = "<group>";
		};
		891A35DD65FB73F625C92D25 /* Pods */ = {
			isa = PBXGroup;
			children = (
				3FAA42295EE455A3E4B27852 /* Pods-RuntimeDemo.debug.xcconfig */,
				6D62B7F4823FC418B30FB22F /* Pods-RuntimeDemo.release.xcconfig */,
			);
			name = Pods;
			sourceTree = "<group>";
		};
		E47270204E268542BE4881B7 /* Frameworks */ = {
			isa = PBXGroup;
			children = (
				5101706A070CB8E48FA251C4 /* libPods-RuntimeDemo.a */,
			);
			name = Frameworks;
			sourceTree = "<group>";
		};
/* End PBXGroup section */

/* Begin PBXNativeTarget section */
		57C86FEE1EF3642B00BAE765 /* RuntimeDemo */ = {
			isa = PBXNativeTarget;
			buildConfigurationList = 57C8701C1EF3642C00BAE765 /* Build configuration list for PBXNativeTarget "RuntimeDemo" */;
			buildPhases = (
				1C21BD383B0F1427E1071FB5 /* [CP] Check Pods Manifest.lock */,
				57C86FEB1EF3642B00BAE765 /* Sources */,
				57C86FEC1EF3642B00BAE765 /* Frameworks */,
				57C86FED1EF3642B00BAE765 /* Resources */,
				C8B2C1ADD8AB8FC832FB72C5 /* [CP] Embed Pods Frameworks */,
				3C355B534887AE1FE1D1E969 /* [CP] Copy Pods Resources */,
			);
			buildRules = (
			);
			dependencies = (
			);
			name = RuntimeDemo;
			productName = RuntimeDemo;
			productReference = 57C86FEF1EF3642B00BAE765 /* RuntimeDemo.app */;
			productType = "com.apple.product-type.application";
		};
		57C870071EF3642C00BAE765 /* RuntimeDemoTests */ = {
			isa = PBXNativeTarget;
			buildConfigurationList = 57C8701F1EF3642C00BAE765 /* Build configuration list for PBXNativeTarget "RuntimeDemoTests" */;
			buildPhases = (
				57C870041EF3642C00BAE765 /* Sources */,
				57C870051EF3642C00BAE765 /* Frameworks */,
				57C870061EF3642C00BAE765 /* Resources */,
			);
			buildRules = (
			);
			dependencies = (
				57C8700A1EF3642C00BAE765 /* PBXTargetDependency */,
			);
			name = RuntimeDemoTests;
			productName = RuntimeDemoTests;
			productReference = 57C870081EF3642C00BAE765 /* RuntimeDemoTests.xctest */;
			productType = "com.apple.product-type.bundle.unit-test";
		};
		57C870121EF3642C00BAE765 /* RuntimeDemoUITests */ = {
			isa = PBXNativeTarget;
			buildConfigurationList = 57C870221EF3642C00BAE765 /* Build configuration list for PBXNativeTarget "RuntimeDemoUITests" */;
			buildPhases = (
				57C8700F1EF3642C00BAE765 /* Sources */,
				57C870101EF3642C00BAE765 /* Frameworks */,
				57C870111EF3642C00BAE765 /* Resources */,
			);
			buildRules = (
			);
			dependencies = (
				57C870151EF3642C00BAE765 /* PBXTargetDependency */,
			);
			name = RuntimeDemoUITests;
			productName = RuntimeDemoUITests;
			productReference = 57C870131EF3642C00BAE765 /* RuntimeDemoUITests.xctest */;
			productType = "com.apple.product-type.bundle.ui-testing";
		};
/* End PBXNativeTarget section */

/* Begin PBXProject section */
		57C86FE71EF3642B00BAE765 /* Project object */ = {
			isa = PBXProject;
			attributes = {
				LastUpgradeCheck = 0830;
				ORGANIZATIONNAME = xby;
				TargetAttributes = {
					57C86FEE1EF3642B00BAE765 = {
						CreatedOnToolsVersion = 8.3.3;
						ProvisioningStyle = Automatic;
					};
					57C870071EF3642C00BAE765 = {
						CreatedOnToolsVersion = 8.3.3;
						ProvisioningStyle = Automatic;
						TestTargetID = 57C86FEE1EF3642B00BAE765;
					};
					57C870121EF3642C00BAE765 = {
						CreatedOnToolsVersion = 8.3.3;
						ProvisioningStyle = Automatic;
						TestTargetID = 57C86FEE1EF3642B00BAE765;
					};
				};
			};
			buildConfigurationList = 57C86FEA1EF3642B00BAE765 /* Build configuration list for PBXProject "RuntimeDemo" */;
			compatibilityVersion = "Xcode 3.2";
			developmentRegion = English;
			hasScannedForEncodings = 0;
			knownRegions = (
				en,
				Base,
			);
			mainGroup = 57C86FE61EF3642B00BAE765;
			productRefGroup = 57C86FF01EF3642B00BAE765 /* Products */;
			projectDirPath = "";
			projectRoot = "";
			targets = (
				57C86FEE1EF3642B00BAE765 /* RuntimeDemo */,
				57C870071EF3642C00BAE765 /* RuntimeDemoTests */,
				57C870121EF3642C00BAE765 /* RuntimeDemoUITests */,
			);
		};
/* End PBXProject section */

/* Begin PBXResourcesBuildPhase section */
		57C86FED1EF3642B00BAE765 /* Resources */ = {
			isa = PBXResourcesBuildPhase;
			buildActionMask = 2147483647;
			files = (
				57C870021EF3642C00BAE765 /* LaunchScreen.storyboard in Resources */,
				57C86FFF1EF3642C00BAE765 /* Assets.xcassets in Resources */,
				57C86FFD1EF3642B00BAE765 /* Main.storyboard in Resources */,
			);
			runOnlyForDeploymentPostprocessing = 0;
		};
		57C870061EF3642C00BAE765 /* Resources */ = {
			isa = PBXResourcesBuildPhase;
			buildActionMask = 2147483647;
			files = (
			);
			runOnlyForDeploymentPostprocessing = 0;
		};
		57C870111EF3642C00BAE765 /* Resources */ = {
			isa = PBXResourcesBuildPhase;
			buildActionMask = 2147483647;
			files = (
			);
			runOnlyForDeploymentPostprocessing = 0;
		};
/* End PBXResourcesBuildPhase section */

/* Begin PBXShellScriptBuildPhase section */
		1C21BD383B0F1427E1071FB5 /* [CP] Check Pods Manifest.lock */ = {
			isa = PBXShellScriptBuildPhase;
			buildActionMask = 2147483647;
			files = (
			);
			inputPaths = (
			);
			name = "[CP] Check Pods Manifest.lock";
			outputPaths = (
			);
			runOnlyForDeploymentPostprocessing = 0;
			shellPath = /bin/sh;
			shellScript = "diff \"${PODS_ROOT}/../Podfile.lock\" \"${PODS_ROOT}/Manifest.lock\" > /dev/null\nif [[ $? != 0 ]] ; then\n    cat << EOM\nerror: The sandbox is not in sync with the Podfile.lock. Run 'pod install' or update your CocoaPods installation.\nEOM\n    exit 1\nfi\n";
			showEnvVarsInLog = 0;
		};
		3C355B534887AE1FE1D1E969 /* [CP] Copy Pods Resources */ = {
			isa = PBXShellScriptBuildPhase;
			buildActionMask = 2147483647;
			files = (
			);
			inputPaths = (
			);
			name = "[CP] Copy Pods Resources";
			outputPaths = (
			);
			runOnlyForDeploymentPostprocessing = 0;
			shellPath = /bin/sh;
			shellScript = "\"${SRCROOT}/Pods/Target Support Files/Pods-RuntimeDemo/Pods-RuntimeDemo-resources.sh\"\n";
			showEnvVarsInLog = 0;
		};
		C8B2C1ADD8AB8FC832FB72C5 /* [CP] Embed Pods Frameworks */ = {
			isa = PBXShellScriptBuildPhase;
			buildActionMask = 2147483647;
			files = (
			);
			inputPaths = (
			);
			name = "[CP] Embed Pods Frameworks";
			outputPaths = (
			);
			runOnlyForDeploymentPostprocessing = 0;
			shellPath = /bin/sh;
			shellScript = "\"${SRCROOT}/Pods/Target Support Files/Pods-RuntimeDemo/Pods-RuntimeDemo-frameworks.sh\"\n";
			showEnvVarsInLog = 0;
		};
/* End PBXShellScriptBuildPhase section */

/* Begin PBXSourcesBuildPhase section */
		57C86FEB1EF3642B00BAE765 /* Sources */ = {
			isa = PBXSourcesBuildPhase;
			buildActionMask = 2147483647;
			files = (
				57C8704B1EF8C91F00BAE765 /* Man.m in Sources */,
				57C870571EF8EE0600BAE765 /* NSObject+EncodeAndDecode.m in Sources */,
				57C870351EF386B000BAE765 /* People.m in Sources */,
				57C8704E1EF8C93900BAE765 /* Man+AddAName.m in Sources */,
				5761C5A71EF9005900E7C142 /* ExchangeDicAndModelViewController.m in Sources */,
				57C870541EF8CBB200BAE765 /* ManyIvar.m in Sources */,
				57C870391EF3CB8700BAE765 /* ExchangeMethodViewController.m in Sources */,
				57C8702D1EF3711300BAE765 /* BaseViewController.m in Sources */,
				57C8705A1EF8F58D00BAE765 /* CongigManyIvar.m in Sources */,
				57C86FF71EF3642B00BAE765 /* AppDelegate.m in Sources */,
				57C870271EF3645400BAE765 /* RootViewController.m in Sources */,
				57C870301EF3790B00BAE765 /* GetClassAndMethodViewController.m in Sources */,
				57C8703F1EF75C1600BAE765 /* People+ReplaceMethod.m in Sources */,
				57C86FF41EF3642B00BAE765 /* main.m in Sources */,
				57C870511EF8CB3600BAE765 /* EncodeAndDecodeViewController.m in Sources */,
				57C870421EF8C52100BAE765 /* AddPropertyInCategoryViewController.m in Sources */,
			);
			runOnlyForDeploymentPostprocessing = 0;
		};
		57C870041EF3642C00BAE765 /* Sources */ = {
			isa = PBXSourcesBuildPhase;
			buildActionMask = 2147483647;
			files = (
				57C8700D1EF3642C00BAE765 /* RuntimeDemoTests.m in Sources */,
			);
			runOnlyForDeploymentPostprocessing = 0;
		};
		57C8700F1EF3642C00BAE765 /* Sources */ = {
			isa = PBXSourcesBuildPhase;
			buildActionMask = 2147483647;
			files = (
				57C870181EF3642C00BAE765 /* RuntimeDemoUITests.m in Sources */,
			);
			runOnlyForDeploymentPostprocessing = 0;
		};
/* End PBXSourcesBuildPhase section */

/* Begin PBXTargetDependency section */
		57C8700A1EF3642C00BAE765 /* PBXTargetDependency */ = {
			isa = PBXTargetDependency;
			target = 57C86FEE1EF3642B00BAE765 /* RuntimeDemo */;
			targetProxy = 57C870091EF3642C00BAE765 /* PBXContainerItemProxy */;
		};
		57C870151EF3642C00BAE765 /* PBXTargetDependency */ = {
			isa = PBXTargetDependency;
			target = 57C86FEE1EF3642B00BAE765 /* RuntimeDemo */;
			targetProxy = 57C870141EF3642C00BAE765 /* PBXContainerItemProxy */;
		};
/* End PBXTargetDependency section */

/* Begin PBXVariantGroup section */
		57C86FFB1EF3642B00BAE765 /* Main.storyboard */ = {
			isa = PBXVariantGroup;
			children = (
				57C86FFC1EF3642B00BAE765 /* Base */,
			);
			name = Main.storyboard;
			sourceTree = "<group>";
		};
		57C870001EF3642C00BAE765 /* LaunchScreen.storyboard */ = {
			isa = PBXVariantGroup;
			children = (
				57C870011EF3642C00BAE765 /* Base */,
			);
			name = LaunchScreen.storyboard;
			sourceTree = "<group>";
		};
/* End PBXVariantGroup section */

/* Begin XCBuildConfiguration section */
		57C8701A1EF3642C00BAE765 /* Debug */ = {
			isa = XCBuildConfiguration;
			buildSettings = {
				ALWAYS_SEARCH_USER_PATHS = NO;
				CLANG_ANALYZER_NONNULL = YES;
				CLANG_ANALYZER_NUMBER_OBJECT_CONVERSION = YES_AGGRESSIVE;
				CLANG_CXX_LANGUAGE_STANDARD = "gnu++0x";
				CLANG_CXX_LIBRARY = "libc++";
				CLANG_ENABLE_MODULES = YES;
				CLANG_ENABLE_OBJC_ARC = YES;
				CLANG_WARN_BOOL_CONVERSION = YES;
				CLANG_WARN_CONSTANT_CONVERSION = YES;
				CLANG_WARN_DIRECT_OBJC_ISA_USAGE = YES_ERROR;
				CLANG_WARN_DOCUMENTATION_COMMENTS = YES;
				CLANG_WARN_EMPTY_BODY = YES;
				CLANG_WARN_ENUM_CONVERSION = YES;
				CLANG_WARN_INFINITE_RECURSION = YES;
				CLANG_WARN_INT_CONVERSION = YES;
				CLANG_WARN_OBJC_ROOT_CLASS = YES_ERROR;
				CLANG_WARN_SUSPICIOUS_MOVE = YES;
				CLANG_WARN_UNREACHABLE_CODE = YES;
				CLANG_WARN__DUPLICATE_METHOD_MATCH = YES;
				"CODE_SIGN_IDENTITY[sdk=iphoneos*]" = "iPhone Developer";
				COPY_PHASE_STRIP = NO;
				DEBUG_INFORMATION_FORMAT = dwarf;
				ENABLE_STRICT_OBJC_MSGSEND = YES;
				ENABLE_TESTABILITY = YES;
				GCC_C_LANGUAGE_STANDARD = gnu99;
				GCC_DYNAMIC_NO_PIC = NO;
				GCC_NO_COMMON_BLOCKS = YES;
				GCC_OPTIMIZATION_LEVEL = 0;
				GCC_PREPROCESSOR_DEFINITIONS = (
					"DEBUG=1",
					"$(inherited)",
				);
				GCC_WARN_64_TO_32_BIT_CONVERSION = YES;
				GCC_WARN_ABOUT_RETURN_TYPE = YES_ERROR;
				GCC_WARN_UNDECLARED_SELECTOR = YES;
				GCC_WARN_UNINITIALIZED_AUTOS = YES_AGGRESSIVE;
				GCC_WARN_UNUSED_FUNCTION = YES;
				GCC_WARN_UNUSED_VARIABLE = YES;
				IPHONEOS_DEPLOYMENT_TARGET = 10.3;
				MTL_ENABLE_DEBUG_INFO = YES;
				ONLY_ACTIVE_ARCH = YES;
				SDKROOT = iphoneos;
			};
			name = Debug;
		};
		57C8701B1EF3642C00BAE765 /* Release */ = {
			isa = XCBuildConfiguration;
			buildSettings = {
				ALWAYS_SEARCH_USER_PATHS = NO;
				CLANG_ANALYZER_NONNULL = YES;
				CLANG_ANALYZER_NUMBER_OBJECT_CONVERSION = YES_AGGRESSIVE;
				CLANG_CXX_LANGUAGE_STANDARD = "gnu++0x";
				CLANG_CXX_LIBRARY = "libc++";
				CLANG_ENABLE_MODULES = YES;
				CLANG_ENABLE_OBJC_ARC = YES;
				CLANG_WARN_BOOL_CONVERSION = YES;
				CLANG_WARN_CONSTANT_CONVERSION = YES;
				CLANG_WARN_DIRECT_OBJC_ISA_USAGE = YES_ERROR;
				CLANG_WARN_DOCUMENTATION_COMMENTS = YES;
				CLANG_WARN_EMPTY_BODY = YES;
				CLANG_WARN_ENUM_CONVERSION = YES;
				CLANG_WARN_INFINITE_RECURSION = YES;
				CLANG_WARN_INT_CONVERSION = YES;
				CLANG_WARN_OBJC_ROOT_CLASS = YES_ERROR;
				CLANG_WARN_SUSPICIOUS_MOVE = YES;
				CLANG_WARN_UNREACHABLE_CODE = YES;
				CLANG_WARN__DUPLICATE_METHOD_MATCH = YES;
				"CODE_SIGN_IDENTITY[sdk=iphoneos*]" = "iPhone Developer";
				COPY_PHASE_STRIP = NO;
				DEBUG_INFORMATION_FORMAT = "dwarf-with-dsym";
				ENABLE_NS_ASSERTIONS = NO;
				ENABLE_STRICT_OBJC_MSGSEND = YES;
				GCC_C_LANGUAGE_STANDARD = gnu99;
				GCC_NO_COMMON_BLOCKS = YES;
				GCC_WARN_64_TO_32_BIT_CONVERSION = YES;
				GCC_WARN_ABOUT_RETURN_TYPE = YES_ERROR;
				GCC_WARN_UNDECLARED_SELECTOR = YES;
				GCC_WARN_UNINITIALIZED_AUTOS = YES_AGGRESSIVE;
				GCC_WARN_UNUSED_FUNCTION = YES;
				GCC_WARN_UNUSED_VARIABLE = YES;
				IPHONEOS_DEPLOYMENT_TARGET = 10.3;
				MTL_ENABLE_DEBUG_INFO = NO;
				SDKROOT = iphoneos;
				VALIDATE_PRODUCT = YES;
			};
			name = Release;
		};
		57C8701D1EF3642C00BAE765 /* Debug */ = {
			isa = XCBuildConfiguration;
			baseConfigurationReference = 3FAA42295EE455A3E4B27852 /* Pods-RuntimeDemo.debug.xcconfig */;
			buildSettings = {
				ASSETCATALOG_COMPILER_APPICON_NAME = AppIcon;
				INFOPLIST_FILE = RuntimeDemo/Info.plist;
				LD_RUNPATH_SEARCH_PATHS = "$(inherited) @executable_path/Frameworks";
				PRODUCT_BUNDLE_IDENTIFIER = com.xby.RuntimeDemo;
				PRODUCT_NAME = "$(TARGET_NAME)";
			};
			name = Debug;
		};
		57C8701E1EF3642C00BAE765 /* Release */ = {
			isa = XCBuildConfiguration;
			baseConfigurationReference = 6D62B7F4823FC418B30FB22F /* Pods-RuntimeDemo.release.xcconfig */;
			buildSettings = {
				ASSETCATALOG_COMPILER_APPICON_NAME = AppIcon;
				INFOPLIST_FILE = RuntimeDemo/Info.plist;
				LD_RUNPATH_SEARCH_PATHS = "$(inherited) @executable_path/Frameworks";
				PRODUCT_BUNDLE_IDENTIFIER = com.xby.RuntimeDemo;
				PRODUCT_NAME = "$(TARGET_NAME)";
			};
			name = Release;
		};
		57C870201EF3642C00BAE765 /* Debug */ = {
			isa = XCBuildConfiguration;
			buildSettings = {
				BUNDLE_LOADER = "$(TEST_HOST)";
				INFOPLIST_FILE = RuntimeDemoTests/Info.plist;
				LD_RUNPATH_SEARCH_PATHS = "$(inherited) @executable_path/Frameworks @loader_path/Frameworks";
				PRODUCT_BUNDLE_IDENTIFIER = com.xby.RuntimeDemoTests;
				PRODUCT_NAME = "$(TARGET_NAME)";
				TEST_HOST = "$(BUILT_PRODUCTS_DIR)/RuntimeDemo.app/RuntimeDemo";
			};
			name = Debug;
		};
		57C870211EF3642C00BAE765 /* Release */ = {
			isa = XCBuildConfiguration;
			buildSettings = {
				BUNDLE_LOADER = "$(TEST_HOST)";
				INFOPLIST_FILE = RuntimeDemoTests/Info.plist;
				LD_RUNPATH_SEARCH_PATHS = "$(inherited) @executable_path/Frameworks @loader_path/Frameworks";
				PRODUCT_BUNDLE_IDENTIFIER = com.xby.RuntimeDemoTests;
				PRODUCT_NAME = "$(TARGET_NAME)";
				TEST_HOST = "$(BUILT_PRODUCTS_DIR)/RuntimeDemo.app/RuntimeDemo";
			};
			name = Release;
		};
		57C870231EF3642C00BAE765 /* Debug */ = {
			isa = XCBuildConfiguration;
			buildSettings = {
				INFOPLIST_FILE = RuntimeDemoUITests/Info.plist;
				LD_RUNPATH_SEARCH_PATHS = "$(inherited) @executable_path/Frameworks @loader_path/Frameworks";
				PRODUCT_BUNDLE_IDENTIFIER = com.xby.RuntimeDemoUITests;
				PRODUCT_NAME = "$(TARGET_NAME)";
				TEST_TARGET_NAME = RuntimeDemo;
			};
			name = Debug;
		};
		57C870241EF3642C00BAE765 /* Release */ = {
			isa = XCBuildConfiguration;
			buildSettings = {
				INFOPLIST_FILE = RuntimeDemoUITests/Info.plist;
				LD_RUNPATH_SEARCH_PATHS = "$(inherited) @executable_path/Frameworks @loader_path/Frameworks";
				PRODUCT_BUNDLE_IDENTIFIER = com.xby.RuntimeDemoUITests;
				PRODUCT_NAME = "$(TARGET_NAME)";
				TEST_TARGET_NAME = RuntimeDemo;
			};
			name = Release;
		};
/* End XCBuildConfiguration section */

/* Begin XCConfigurationList section */
		57C86FEA1EF3642B00BAE765 /* Build configuration list for PBXProject "RuntimeDemo" */ = {
			isa = XCConfigurationList;
			buildConfigurations = (
				57C8701A1EF3642C00BAE765 /* Debug */,
				57C8701B1EF3642C00BAE765 /* Release */,
			);
			defaultConfigurationIsVisible = 0;
			defaultConfigurationName = Release;
		};
		57C8701C1EF3642C00BAE765 /* Build configuration list for PBXNativeTarget "RuntimeDemo" */ = {
			isa = XCConfigurationList;
			buildConfigurations = (
				57C8701D1EF3642C00BAE765 /* Debug */,
				57C8701E1EF3642C00BAE765 /* Release */,
			);
			defaultConfigurationIsVisible = 0;
			defaultConfigurationName = Release;
		};
		57C8701F1EF3642C00BAE765 /* Build configuration list for PBXNativeTarget "RuntimeDemoTests" */ = {
			isa = XCConfigurationList;
			buildConfigurations = (
				57C870201EF3642C00BAE765 /* Debug */,
				57C870211EF3642C00BAE765 /* Release */,
			);
			defaultConfigurationIsVisible = 0;
			defaultConfigurationName = Release;
		};
		57C870221EF3642C00BAE765 /* Build configuration list for PBXNativeTarget "RuntimeDemoUITests" */ = {
			isa = XCConfigurationList;
			buildConfigurations = (
				57C870231EF3642C00BAE765 /* Debug */,
				57C870241EF3642C00BAE765 /* Release */,
			);
			defaultConfigurationIsVisible = 0;
			defaultConfigurationName = Release;
		};
/* End XCConfigurationList section */
	};
	rootObject = 57C86FE71EF3642B00BAE765 /* Project object */;
}
